
Microsoft Visual Studio Solution File, Format Version 12.00
# Visual Studio Version 16
VisualStudioVersion = 16.0.31205.134
MinimumVisualStudioVersion = 10.0.40219.1
Project("{FAE04EC0-301F-11D3-BF4B-00C04F79EFBC}") = "Cinema", "Nested Conditional Statements - Exercise\Cinema.csproj", "{2D14963A-7A31-4318-AE1D-A4FEF008DB18}"
EndProject
Project("{FAE04EC0-301F-11D3-BF4B-00C04F79EFBC}") = "summerOutfit", "summerOutfit\summerOutfit.csproj", "{6EA468F3-CEA8-427A-A510-DF9F3E0D4989}"
EndProject
Global
	GlobalSection(SolutionConfigurationPlatforms) = preSolution
		Debug|Any CPU = Debug|Any CPU
		Release|Any CPU = Release|Any CPU
	EndGlobalSection
	GlobalSection(ProjectConfigurationPlatforms) = postSolution
		{2D14963A-7A31-4318-AE1D-A4FEF008DB18}.Debug|Any CPU.ActiveCfg = Debug|Any CPU
		{2D14963A-7A31-4318-AE1D-A4FEF008DB18}.Debug|Any CPU.Build.0 = Debug|Any CPU
		{2D14963A-7A31-4318-AE1D-A4FEF008DB18}.Release|Any CPU.ActiveCfg = Release|Any CPU
		{2D14963A-7A31-4318-AE1D-A4FEF008DB18}.Release|Any CPU.Build.0 = Release|Any CPU
		{6EA468F3-CEA8-427A-A510-DF9F3E0D4989}.Debug|Any CPU.ActiveCfg = Debug|Any CPU
		{6EA468F3-CEA8-427A-A510-DF9F3E0D4989}.Debug|Any CPU.Build.0 = Debug|Any CPU
		{6EA468F3-CEA8-427A-A510-DF9F3E0D4989}.Release|Any CPU.ActiveCfg = Release|Any CPU
		{6EA468F3-CEA8-427A-A510-DF9F3E0D4989}.Release|Any CPU.Build.0 = Release|Any CPU
	EndGlobalSection
	GlobalSection(SolutionProperties) = preSolution
		HideSolutionNode = FALSE
	EndGlobalSection
	GlobalSection(ExtensibilityGlobals) = postSolution
		SolutionGuid = {B228A26A-B7A5-47C0-BEFE-86C5093EAD91}
	EndGlobalSection
EndGlobal
