
Microsoft Visual Studio Solution File, Format Version 12.00
# Visual Studio Version 16
VisualStudioVersion = 16.0.31205.134
MinimumVisualStudioVersion = 10.0.40219.1
Project("{FAE04EC0-301F-11D3-BF4B-00C04F79EFBC}") = "WebApplication1", "WebApplication1\WebApplication1.csproj", "{9B0289E6-9740-4937-98FF-91DD1E5E7918}"
EndProject
Global
	GlobalSection(SolutionConfigurationPlatforms) = preSolution
		Debug|Any CPU = Debug|Any CPU
		Release|Any CPU = Release|Any CPU
	EndGlobalSection
	GlobalSection(ProjectConfigurationPlatforms) = postSolution
		{9B0289E6-9740-4937-98FF-91DD1E5E7918}.Debug|Any CPU.ActiveCfg = Debug|Any CPU
		{9B0289E6-9740-4937-98FF-91DD1E5E7918}.Debug|Any CPU.Build.0 = Debug|Any CPU
		{9B0289E6-9740-4937-98FF-91DD1E5E7918}.Release|Any CPU.ActiveCfg = Release|Any CPU
		{9B0289E6-9740-4937-98FF-91DD1E5E7918}.Release|Any CPU.Build.0 = Release|Any CPU
	EndGlobalSection
	GlobalSection(SolutionProperties) = preSolution
		HideSolutionNode = FALSE
	EndGlobalSection
	GlobalSection(ExtensibilityGlobals) = postSolution
		SolutionGuid = {A9BBFC11-40B8-434A-B5AA-31D7277E0AAC}
	EndGlobalSection
EndGlobal
