
Microsoft Visual Studio Solution File, Format Version 12.00
# Visual Studio Version 16
VisualStudioVersion = 16.0.31205.134
MinimumVisualStudioVersion = 10.0.40219.1
Project("{FAE04EC0-301F-11D3-BF4B-00C04F79EFBC}") = "whileLoop(and{shit})", "whileLoop(and{shit})\whileLoop(and{shit}).csproj", "{02FAF8B7-5973-4E89-A466-BC9D166DB13A}"
EndProject
Global
	GlobalSection(SolutionConfigurationPlatforms) = preSolution
		Debug|Any CPU = Debug|Any CPU
		Release|Any CPU = Release|Any CPU
	EndGlobalSection
	GlobalSection(ProjectConfigurationPlatforms) = postSolution
		{02FAF8B7-5973-4E89-A466-BC9D166DB13A}.Debug|Any CPU.ActiveCfg = Debug|Any CPU
		{02FAF8B7-5973-4E89-A466-BC9D166DB13A}.Debug|Any CPU.Build.0 = Debug|Any CPU
		{02FAF8B7-5973-4E89-A466-BC9D166DB13A}.Release|Any CPU.ActiveCfg = Release|Any CPU
		{02FAF8B7-5973-4E89-A466-BC9D166DB13A}.Release|Any CPU.Build.0 = Release|Any CPU
	EndGlobalSection
	GlobalSection(SolutionProperties) = preSolution
		HideSolutionNode = FALSE
	EndGlobalSection
	GlobalSection(ExtensibilityGlobals) = postSolution
		SolutionGuid = {AB55957C-A6DB-44AC-8512-C2247D6A0868}
	EndGlobalSection
EndGlobal
